# THIS IS AN AUTOGENERATED FILE. DO NOT EDIT THIS FILE DIRECTLY.
# yarn lockfile v1


"@angular/cdk@^20.0.0":
  version "20.2.14"
  resolved "https://registry.yarnpkg.com/@angular/cdk/-/cdk-20.2.14.tgz#5da8d29a0688cf0c6f58db77aee8afa0a05faaea"
  integrity sha512-7bZxc01URbiPiIBWThQ69XwOxVduqEKN4PhpbF2AAyfMc/W8Hcr4VoIJOwL0O1Nkq5beS8pCAqoOeIgFyXd/kg==
  dependencies:
    parse5 "^8.0.0"
    tslib "^2.3.0"

"@ant-design/colors@^7.0.0":
  version "7.2.1"
  resolved "https://registry.yarnpkg.com/@ant-design/colors/-/colors-7.2.1.tgz#3bbc1c6c18550020d1622a0067ff03492318df98"
  integrity sha512-lCHDcEzieu4GA3n8ELeZ5VQ8pKQAWcGGLRTQ50aQM2iqPpq2evTxER84jfdPvsPAtEcZ7m44NI45edFMo8oOYQ==
  dependencies:
    "@ant-design/fast-color" "^2.0.6"

"@ant-design/fast-color@^2.0.6":
  version "2.0.6"
  resolved "https://registry.yarnpkg.com/@ant-design/fast-color/-/fast-color-2.0.6.tgz#ab4d4455c1542c9017d367c2fa8ca3e4215d0ba2"
  integrity sha512-y2217gk4NqL35giHl72o6Zzqji9O7vHh9YmhUVkPtAOpoTCH4uWxo/pr4VE8t0+ChEPs0qo4eJRC5Q1eXWo3vA==
  dependencies:
    "@babel/runtime" "^7.24.7"

"@ant-design/icons-angular@^20.0.0":
  version "20.0.0"
  resolved "https://registry.yarnpkg.com/@ant-design/icons-angular/-/icons-angular-20.0.0.tgz#67eee0b399e37a9ed6f699eb0ce49ae8f029d46b"
  integrity sha512-KMTytjYxprCI/oOEs0KoxNUsT5g+DVCp5JMMgDOSlSpyTpWg5P54kea0398v8urr4QJFpoCucJshFZ8+uv67cA==
  dependencies:
    "@ant-design/colors" "^7.0.0"
    tslib "^2.0.0"

"@babel/runtime@^7.21.0", "@babel/runtime@^7.24.7":
  version "7.28.4"
  resolved "https://registry.yarnpkg.com/@babel/runtime/-/runtime-7.28.4.tgz#a70226016fabe25c5783b2f22d3e1c9bc5ca3326"
  integrity sha512-Q/N6JNWvIvPnLDvjlE1OUBLPQHH6l3CltCEsHIujp45zQUSSh8K+gHnaEX45yAT1nyngnINhvWtzN+Nb9D8RAQ==

"@ctrl/tinycolor@^3.6.0":
  version "3.6.1"
  resolved "https://registry.yarnpkg.com/@ctrl/tinycolor/-/tinycolor-3.6.1.tgz#b6c75a56a1947cc916ea058772d666a2c8932f31"
  integrity sha512-SITSV6aIXsuVNV3f3O0f2n/cgyEDWoSqtZMYiAmcsYHydcKrOz3gUxB/iXd/Qf08+IZX4KpgNbvUdMBmWz+kcA==

date-fns@^2.16.1:
  version "2.30.0"
  resolved "https://registry.yarnpkg.com/date-fns/-/date-fns-2.30.0.tgz#f367e644839ff57894ec6ac480de40cae4b0f4d0"
  integrity sha512-fnULvOpxnC5/Vg3NCiWelDsLiUc9bRwAPs/+LfTLNvetFCtCTN+yQz15C/fs4AwX1R9K5GLtLfn8QW+dWisaAw==
  dependencies:
    "@babel/runtime" "^7.21.0"

entities@^6.0.0:
  version "6.0.1"
  resolved "https://registry.yarnpkg.com/entities/-/entities-6.0.1.tgz#c28c34a43379ca7f61d074130b2f5f7020a30694"
  integrity sha512-aN97NXWF6AWBTahfVOIrB/NShkzi5H7F9r1s9mD3cDj4Ko5f2qhhVoYMibXF7GlLveb/D2ioWay8lxI97Ven3g==

ng-zorro-antd@^20.4.4:
  version "20.4.4"
  resolved "https://registry.yarnpkg.com/ng-zorro-antd/-/ng-zorro-antd-20.4.4.tgz#acf2c8f6de8f04087bfd9c95df495f7c5bb7d0ff"
  integrity sha512-/O9yMBU0gdD9hw4ZzSOgq2MwlE4bCArY7jkeW4wFfwtDRvVCuzYOwdiO1bEUukaLCBx7NyU4bpNdd8SH9BxgxQ==
  dependencies:
    "@angular/cdk" "^20.0.0"
    "@ant-design/icons-angular" "^20.0.0"
    "@ctrl/tinycolor" "^3.6.0"
    date-fns "^2.16.1"
    tslib "^2.3.0"

parse5@^8.0.0:
  version "8.0.0"
  resolved "https://registry.yarnpkg.com/parse5/-/parse5-8.0.0.tgz#aceb267f6b15f9b6e6ba9e35bfdd481fc2167b12"
  integrity sha512-9m4m5GSgXjL4AjumKzq1Fgfp3Z8rsvjRNbnkVwfu2ImRqE5D0LnY2QfDen18FSY9C573YU5XxSapdHZTZ2WolA==
  dependencies:
    entities "^6.0.0"

tslib@^2.0.0, tslib@^2.3.0:
  version "2.8.1"
  resolved "https://registry.yarnpkg.com/tslib/-/tslib-2.8.1.tgz#612efe4ed235d567e8aba5f2a5fab70280ade83f"
  integrity sha512-oJFu94HQb+KVduSUQL7wnpmqnfmLsOA/nAh6b6EH0wCEoK0/mPeXU6c3wKDV83MkOuHPRHtSXKKU99IBazS/2w==
